{
  "requires": true,
  "lockfileVersion": 1,
  "dependencies": {
    "@types/lodash": {
      "version": "4.14.144",
      "resolved": "https://registry.npmjs.org/@types/lodash/-/lodash-4.14.144.tgz",
      "integrity": "sha512-ogI4g9W5qIQQUhXAclq6zhqgqNUr7UlFaqDHbch7WLSLeeM/7d3CRaw7GLajxvyFvhJqw4Rpcz5bhoaYtIx6Tg=="
    },
    "@types/ramda": {
      "version": "0.26.33",
      "resolved": "https://registry.npmjs.org/@types/ramda/-/ramda-0.26.33.tgz",
      "integrity": "sha512-sUCQmKfAWmlbb6PpFqvndbGgTf0bCcmHLJqMYw8ErVS0UoZTTiz952aFedJhV+JERiVH7poh33358c7p0AAN8A==",
      "requires": {
        "ts-toolbelt": "^4.7.7"
      },
      "dependencies": {
        "ts-toolbelt": {
          "version": "4.8.22",
          "resolved": "https://registry.npmjs.org/ts-toolbelt/-/ts-toolbelt-4.8.22.tgz",
          "integrity": "sha512-CQXoGSEOlNP0XQ1OsXVjLVzErc8LQBaAe6HHFLRpqdm0ZvZEd1q1noAle2J3DSc33LL+DaxwJzstps/AQGXH4Q=="
        }
      }
    },
    "fp-ts": {
      "version": "2.1.1",
      "resolved": "https://registry.npmjs.org/fp-ts/-/fp-ts-2.1.1.tgz",
      "integrity": "sha512-YcWhMdDCFCja0MmaDroTgNu+NWWrrnUEn92nvDgrtVy9Z71YFnhNVIghoHPt8gs82ijoMzFGeWKvArbyICiJgw=="
    },
    "lodash": {
      "version": "4.17.15",
      "resolved": "https://registry.npmjs.org/lodash/-/lodash-4.17.15.tgz",
      "integrity": "sha512-8xOcRHvCjnocdS5cpwXQXVzmmh5e5+saE2QGoeQmbKmRS6J3VQppPOIt0MnmE+4xlZoumy0GPG0D0MVIQbNA1A=="
    },
    "ramda": {
      "version": "0.26.1",
      "resolved": "https://registry.npmjs.org/ramda/-/ramda-0.26.1.tgz",
      "integrity": "sha512-hLWjpy7EnsDBb0p+Z3B7rPi3GDeRG5ZtiI33kJhTt+ORCd38AbAIjB/9zRIUoeTbE/AVX5ZkU7m6bznsvrf8eQ=="
    },
    "rxjs": {
      "version": "6.5.3",
      "resolved": "https://registry.npmjs.org/rxjs/-/rxjs-6.5.3.tgz",
      "integrity": "sha512-wuYsAYYFdWTAnAaPoKGNhfpWwKZbJW+HgAJ+mImp+Epl7BG8oNWBCTyRM8gba9k4lk8BgWdoYm21Mo/RYhhbgA==",
      "requires": {
        "tslib": "^1.9.0"
      }
    },
    "ts-toolbelt": {
      "version": "4.8.24",
      "resolved": "https://registry.npmjs.org/ts-toolbelt/-/ts-toolbelt-4.8.24.tgz",
      "integrity": "sha512-/Cs0NtCxAqZsg/J8VXaEmO4FVb3Tzv8EDkcxDjp6paoIlbYbZUmNoq8frrqBPoWrZeftTCx3QTbC8GHVa1BJiw=="
    },
    "tslib": {
      "version": "1.10.0",
      "resolved": "https://registry.npmjs.org/tslib/-/tslib-1.10.0.tgz",
      "integrity": "sha512-qOebF53frne81cf0S9B41ByenJ3/IuH8yJKngAX35CmiZySA0khhkovshKK+jGCaMnVomla7gVlIcc3EvKPbTQ=="
    }
  }
}
