# THIS IS AN AUTOGENERATED FILE. DO NOT EDIT THIS FILE DIRECTLY.
# yarn lockfile v1


"@types/ramda@^0.26.33":
  version "0.26.33"
  resolved "https://registry.npm.taobao.org/@types/ramda/download/@types/ramda-0.26.33.tgz#5fd1f22381ccf913a3627beb16f468fb57f82d94"
  integrity sha1-X9HyI4HM+ROjYnvrFvRo+1f4LZQ=
  dependencies:
    ts-toolbelt "^4.7.7"

fp-ts@^2.1.1:
  version "2.1.1"
  resolved "https://registry.npm.taobao.org/fp-ts/download/fp-ts-2.1.1.tgz#c910544499d7c959351bb4260ee7c44a544084c1"
  integrity sha1-yRBURJnXyVk1G7QmDufESlRAhME=

ramda@^0.26.1:
  version "0.26.1"
  resolved "https://registry.npm.taobao.org/ramda/download/ramda-0.26.1.tgz#8d41351eb8111c55353617fc3bbffad8e4d35d06"
  integrity sha1-jUE1HrgRHFU1Nhf8O7/62OTTXQY=

rxjs@^6.5.3:
  version "6.5.3"
  resolved "https://registry.npm.taobao.org/rxjs/download/rxjs-6.5.3.tgz?cache=0&sync_timestamp=1568815796923&other_urls=https%3A%2F%2Fregistry.npm.taobao.org%2Frxjs%2Fdownload%2Frxjs-6.5.3.tgz#510e26317f4db91a7eb1de77d9dd9ba0a4899a3a"
  integrity sha1-UQ4mMX9NuRp+sd532d2boKSJmjo=
  dependencies:
    tslib "^1.9.0"

ts-toolbelt@^4.7.7, ts-toolbelt@^4.8.22:
  version "4.8.22"
  resolved "https://registry.npm.taobao.org/ts-toolbelt/download/ts-toolbelt-4.8.22.tgz#d7f15a5d35594af629ca10ae890c1ededc10d662"
  integrity sha1-1/FaXTVZSvYpyhCuiQwe3twQ1mI=

tslib@^1.9.0:
  version "1.10.0"
  resolved "https://registry.npm.taobao.org/tslib/download/tslib-1.10.0.tgz#c3c19f95973fb0a62973fb09d90d961ee43e5c8a"
  integrity sha1-w8GflZc/sKYpc/sJ2Q2WHuQ+XIo=
